# @generated - this file is auto-generated by `mise lock` https://mise.jdx.dev/dev-tools/mise-lock.html

[[tools."aqua:numtide/treefmt"]]
version = "2.5.0"
backend = "aqua:numtide/treefmt"

[[tools.hk]]
version = "1.50.0"
backend = "aqua:jdx/hk"

[[tools."npm:prettier"]]
version = "3.9.5"
backend = "npm:prettier"

[[tools.shfmt]]
version = "3.13.1"
backend = "aqua:mvdan/sh"

[[tools.stylua]]
version = "2.5.2"
backend = "aqua:JohnnyMorganz/StyLua"

[[tools.taplo]]
version = "0.10.0"
backend = "aqua:tamasfe/taplo"
